
Microsoft Visual Studio Solution File, Format Version 12.00
# Visual Studio Version 16
VisualStudioVersion = 16.0.29519.181
MinimumVisualStudioVersion = 10.0.40219.1
Project("{FAE04EC0-301F-11D3-BF4B-00C04F79EFBC}") = "WindowsServiceVUCEImpo", "WindowsServiceVUCEImpo.csproj", "{4E0B034A-750A-45D3-85BD-0BE046B37328}"
	ProjectSection(ProjectDependencies) = postProject
		{F1BCD10D-E240-4C39-8A50-CF0532A21837} = {F1BCD10D-E240-4C39-8A50-CF0532A21837}
		{72FFF5C9-1A2A-43CB-A60E-5C5690943088} = {72FFF5C9-1A2A-43CB-A60E-5C5690943088}
	EndProjectSection
EndProject
Project("{FAE04EC0-301F-11D3-BF4B-00C04F79EFBC}") = "AccesoDatos", "AccesoDatos\AccesoDatos.csproj", "{72FFF5C9-1A2A-43CB-A60E-5C5690943088}"
EndProject
Project("{FAE04EC0-301F-11D3-BF4B-00C04F79EFBC}") = "Utilidades", "Utilidades\Utilidades.csproj", "{F1BCD10D-E240-4C39-8A50-CF0532A21837}"
EndProject
Project("{54435603-DBB4-11D2-8724-00A0C9A8B90C}") = "SWVUCEImpo", "Setup\SWVUCEImpo\SWVUCEImpo.vdproj", "{18E63BB0-D1C2-4DF8-9139-140BFD90ADB0}"
EndProject
Global
	GlobalSection(SolutionConfigurationPlatforms) = preSolution
		Debug|Any CPU = Debug|Any CPU
		Release|Any CPU = Release|Any CPU
	EndGlobalSection
	GlobalSection(ProjectConfigurationPlatforms) = postSolution
		{4E0B034A-750A-45D3-85BD-0BE046B37328}.Debug|Any CPU.ActiveCfg = Debug|Any CPU
		{4E0B034A-750A-45D3-85BD-0BE046B37328}.Debug|Any CPU.Build.0 = Debug|Any CPU
		{4E0B034A-750A-45D3-85BD-0BE046B37328}.Release|Any CPU.ActiveCfg = Release|Any CPU
		{4E0B034A-750A-45D3-85BD-0BE046B37328}.Release|Any CPU.Build.0 = Release|Any CPU
		{72FFF5C9-1A2A-43CB-A60E-5C5690943088}.Debug|Any CPU.ActiveCfg = Debug|Any CPU
		{72FFF5C9-1A2A-43CB-A60E-5C5690943088}.Debug|Any CPU.Build.0 = Debug|Any CPU
		{72FFF5C9-1A2A-43CB-A60E-5C5690943088}.Release|Any CPU.ActiveCfg = Release|Any CPU
		{72FFF5C9-1A2A-43CB-A60E-5C5690943088}.Release|Any CPU.Build.0 = Release|Any CPU
		{F1BCD10D-E240-4C39-8A50-CF0532A21837}.Debug|Any CPU.ActiveCfg = Debug|Any CPU
		{F1BCD10D-E240-4C39-8A50-CF0532A21837}.Debug|Any CPU.Build.0 = Debug|Any CPU
		{F1BCD10D-E240-4C39-8A50-CF0532A21837}.Release|Any CPU.ActiveCfg = Release|Any CPU
		{F1BCD10D-E240-4C39-8A50-CF0532A21837}.Release|Any CPU.Build.0 = Release|Any CPU
		{18E63BB0-D1C2-4DF8-9139-140BFD90ADB0}.Debug|Any CPU.ActiveCfg = Debug
		{18E63BB0-D1C2-4DF8-9139-140BFD90ADB0}.Release|Any CPU.ActiveCfg = Release
	EndGlobalSection
	GlobalSection(SolutionProperties) = preSolution
		HideSolutionNode = FALSE
	EndGlobalSection
	GlobalSection(ExtensibilityGlobals) = postSolution
		SolutionGuid = {57DD7047-464C-4A55-A9BB-7056DF67120C}
	EndGlobalSection
EndGlobal
